
Microsoft Visual Studio Solution File, Format Version 12.00
# Visual Studio 15
VisualStudioVersion = 15.0.27009.1
MinimumVisualStudioVersion = 10.0.40219.1
Project("{FAE04EC0-301F-11D3-BF4B-00C04F79EFBC}") = "TTYProxy", "TTYProxy\TTYProxy.csproj", "{08809290-3DA8-4340-9C2C-964B345F8ECC}"
EndProject
Project("{E53339B2-1760-4266-BCC7-CA923CBCF16C}") = "docker-compose", "docker-compose.dcproj", "{483F6947-BD15-41CA-8195-E6BEC6974617}"
EndProject
Global
	GlobalSection(SolutionConfigurationPlatforms) = preSolution
		Debug|Any CPU = Debug|Any CPU
		Release|Any CPU = Release|Any CPU
	EndGlobalSection
	GlobalSection(ProjectConfigurationPlatforms) = postSolution
		{08809290-3DA8-4340-9C2C-964B345F8ECC}.Debug|Any CPU.ActiveCfg = Debug|Any CPU
		{08809290-3DA8-4340-9C2C-964B345F8ECC}.Debug|Any CPU.Build.0 = Debug|Any CPU
		{08809290-3DA8-4340-9C2C-964B345F8ECC}.Release|Any CPU.ActiveCfg = Release|Any CPU
		{08809290-3DA8-4340-9C2C-964B345F8ECC}.Release|Any CPU.Build.0 = Release|Any CPU
		{483F6947-BD15-41CA-8195-E6BEC6974617}.Debug|Any CPU.ActiveCfg = Debug|Any CPU
		{483F6947-BD15-41CA-8195-E6BEC6974617}.Debug|Any CPU.Build.0 = Debug|Any CPU
		{483F6947-BD15-41CA-8195-E6BEC6974617}.Release|Any CPU.ActiveCfg = Release|Any CPU
		{483F6947-BD15-41CA-8195-E6BEC6974617}.Release|Any CPU.Build.0 = Release|Any CPU
	EndGlobalSection
	GlobalSection(SolutionProperties) = preSolution
		HideSolutionNode = FALSE
	EndGlobalSection
	GlobalSection(ExtensibilityGlobals) = postSolution
		SolutionGuid = {2C703A37-E149-49BA-801F-AE19FE48F1C6}
	EndGlobalSection
EndGlobal
